# This file was autogenerated by uv via the following command:
#    uv pip compile out\bundle-local\requirements-cp310.in --generate-hashes --python-version 3.10 --python-platform x86_64-unknown-linux-gnu --no-annotate -o out\bundle-local\locks\requirements-cp310-linux-x86_64.lock
anyio==4.15.1 \
    --hash=sha256:6152fdbbf9a77fdec97731721bebf7c4c44f7c29b424b0065826173efc7ed101 \
    --hash=sha256:9f28306018cbd6d329e64a36d58256edff76dd996fe423bc957326e578b82a94
attrs==26.1.0 \
    --hash=sha256:c647aa4a12dfbad9333ca4e71fe62ddc36f4e63b2d260a37a8b83d2f043ac309 \
    --hash=sha256:d03ceb89cb322a8fd706d4fb91940737b6642aa36998fe130a9bc96c985eff32
certifi==2026.7.22 \
    --hash=sha256:62f22742b58a1a33014a2b6b706588a8d7e2a88ae7bd1a6ebe8c992928483775 \
    --hash=sha256:741e2c3b351ddf169a738da9f2c048608ff7f2c5cc02f1ebc6b118bb090d5d55
click==8.5.0 \
    --hash=sha256:255bc9599cf7748b4b1a446ccc735421bd08a2ae529a8b88597d3de5664ee360 \
    --hash=sha256:ba0d2089de75ea0310e2dde03160e6ca10009947fb95a182f9b54021bb272e34
exceptiongroup==1.3.1 \
    --hash=sha256:8b412432c6055b0b7d14c310000ae93352ed6754f70fa8f7c34141f91c4e3219 \
    --hash=sha256:a7a39a3bd276781e98394987d3a5701d0c4edffb633bb7a5144577f82c773598
h11==0.16.0 \
    --hash=sha256:4e35b956cf45792e4caa5885e69fba00bdbc6ffafbfa020300e549b208ee5ff1 \
    --hash=sha256:63cf8bbe7522de3bf65932fda1d9c2772064ffb3dae62d55932da54b31cb6c86
httpcore==1.0.9 \
    --hash=sha256:2d400746a40668fc9dec9810239072b40b4484b640a8c38fd654a024c7a1bf55 \
    --hash=sha256:6e34463af53fd2ab5d807f399a9b45ea31c3dfa2276f15a2c3f00afff6e176e8
httpx==0.28.1 \
    --hash=sha256:75e98c5f16b0f35b567856f597f06ff2270a374470a5c2392242528e3e3e42fc \
    --hash=sha256:d909fcccc110f8c7faf814ca82a9a4d816bc5a6dbfea25d6591d6985b8ba59ad
idna==3.20 \
    --hash=sha256:a7db850025b95ded1eae8a46181a1a6c56c92c96f0e2b005d9ff8dc0210cab44 \
    --hash=sha256:ab7ae7122974553370f0bdb919e1a960b2cd1bc1ef0276416d896db81c14582c
iniconfig==2.3.0 \
    --hash=sha256:c76315c77db068650d49c5b56314774a7804df16fee4402c1f19d6d15d8c4730 \
    --hash=sha256:f631c04d2c48c52b84d0d0549c99ff3859c98df65b3101406327ecc7d53fbf12
jiwer==4.0.0 \
    --hash=sha256:7efaf0bd336b095d99ddef9dd67e1ee829d75d58aa2a81d9639870b01d6d95ea \
    --hash=sha256:ae9c051469102a61ef0927100baeeb4546f78d180c9b0948281d08eaf44c191e
jsonschema==4.26.0 \
    --hash=sha256:0c26707e2efad8aa1bfc5b7ce170f3fccc2e4918ff85989ba9ffa9facb2be326 \
    --hash=sha256:d489f15263b8d200f8387e64b4c3a75f06629559fb73deb8fdfb525f2dab50ce
jsonschema-specifications==2025.9.1 \
    --hash=sha256:98802fee3a11ee76ecaca44429fda8a41bff98b00a0f2838151b113f210cc6fe \
    --hash=sha256:b540987f239e745613c7a9176f3edb72b832a4ac465cf02712288397832b5e8d
packaging==26.3 \
    --hash=sha256:94edc256424af38762eb31306eed28beb9f0efc50a8837492c9d6fd6004aed79 \
    --hash=sha256:d7193f7c8e4e93f444fde0262bf90af30e16fa0ad0ad44cb553c87339b23cd1c
pluggy==1.6.0 \
    --hash=sha256:7dcc130b76258d33b90f61b658791dede3486c3e6bfb003ee5c9bfb396dd22f3 \
    --hash=sha256:e920276dd6813095e9377c0bc5566d94c932c33b27a3e3945d8389c374dd4746
pygments==2.21.0 \
    --hash=sha256:2363c69b61c4a97c838da3b130dcd6468f4848992b21a82f2a63ec34377137d9 \
    --hash=sha256:610ca751c9bc2492b38eb9a38a7fbc93edbbb2d7182edaf34e66ae493dee5c8c
pytest==9.1.1 \
    --hash=sha256:1088fbde8f2b49d95a549a195707afa7a76a3ce9bcadc26b6d71f0ffda5fe313 \
    --hash=sha256:37a86b45efb9a47a61a36449063e8e18d0cab3161329fc099eb21783169c4f0c
rapidfuzz==3.14.5 \
    --hash=sha256:0084b687b02b4e569b46d8d6d4ad25659528e6081cd6d067ca453a69035f07e4 \
    --hash=sha256:01550fe5f60fd176aa66b7611289d46dc4aa4b1b904874c7b6d1d54e581c5ec1 \
    --hash=sha256:0298d357e2bc59d572da4db0bc631009b6f8f6c9bc8c11e99a12b833f16b6575 \
    --hash=sha256:068b3e965ca9d9ee4debe40001ae7c3938ba646308afd33cf0c66618147db65c \
    --hash=sha256:071d96b957a33b9296b9284b6350a0fb6d030b154a04efd7c15e56b98b79a517 \
    --hash=sha256:09d6c9ba091854f07817055d795d604179c12a8f308ba4c7d56f3719dfea1646 \
    --hash=sha256:0d3378f471ef440473a396ce2f8e97ee12f89a78b495540e0a5617bbfe895638 \
    --hash=sha256:0ebd1a18e2e47bc0b292a07e6ed9c3642f8aaa672d12253885f599b50807a4f9 \
    --hash=sha256:0f23e37019ec07712d58976b1ab2b889f8649a7f7c2f626a2f34ea9139e79279 \
    --hash=sha256:11bfc2ed8fbe4ab86bd516fadefab126f90e6dcadffa761739fcb304707dfd35 \
    --hash=sha256:13cb79c23ef5516e4c4e3830877be8b19aa75203636be1163d690d37803f6504 \
    --hash=sha256:17a34330cd2a538c1ce5d400b61ba358c5b72c654b928ff87b362e88f8b864c7 \
    --hash=sha256:1a31cc6d7d03e7318a0974c038959c59e19c752b81115f2e9138b3331cd64d45 \
    --hash=sha256:1e910eebca9fd0eba245c0555e764597e8a0cccb673a92da2dc2397050725f48 \
    --hash=sha256:1e989f86113be66574113b9c7bdf4793f3f863d248e47d911b355e05ca6b6b10 \
    --hash=sha256:2e83cd2e25bb4edd97b689d9979d9c3acccdaaf26ceac08212ceece202febcfa \
    --hash=sha256:39ef8658aaf67d51667e7bdaf7096f432333377d8302ac43c70b5df8a4cf89b8 \
    --hash=sha256:3d50e5861872935fece391351cbb5ba21d1bced277cf5e1143d207a0a35f1925 \
    --hash=sha256:3e91dcd2549b8f8d843f98ba03a17e01f3d8b72ce942adbbb6761bc58ffce813 \
    --hash=sha256:419e4397a36e2665ec992d8d64c20ba4b2a42500c76ecadeca78a4f19cb9cc32 \
    --hash=sha256:440d30faaf682ca496170a7f0cc5453ec942e3e079f0fd802c9a7f938dfb50a3 \
    --hash=sha256:46b92a9970dcc34f0096901c792644094cab49554ac3547f35e3aebbdf0a3610 \
    --hash=sha256:478b59bb018a6780d73f33e38d0b3ec5e968a6c1ed42876b993dd456b7aa20e8 \
    --hash=sha256:48bee0b91bebfaec41e1081e351000659ab7570cc4598d617aa04d5bf827f9e6 \
    --hash=sha256:4900143d82071bdda533b00300c40b14b963ff826b3642cc463b6dd0f036585e \
    --hash=sha256:4a60f0057231188e3bd30216f7b4e0f279b11fa4ec818bb6c1d9f014d1562fbc \
    --hash=sha256:56227a61fd3d17b0cd9793132431f3a3d07c8654be96794ba9f89fe0fc8b2d09 \
    --hash=sha256:578e6051f6d5e6200c259b47a103cf06bb875ab5814d17333fc0b5c290b22f4c \
    --hash=sha256:593c00dac4e30231c35bf3b4f1da8ec0998762e9e94425586a5d636fcd57f9d0 \
    --hash=sha256:59b3dba758661a318995655435c6ab20a04ade79fa51e75bc8dc107cac8df280 \
    --hash=sha256:5ab449c9abd0d4e1f8145dce0798a4c822a1a1933d613c764a641bea88b8bdab \
    --hash=sha256:5dfa89d78f22cd773054caff44827b846161a29f2dcf7e78b8f90d086621e502 \
    --hash=sha256:649712823f3abcdc48427147a5384fac15623ba435d0013959b52e6462521397 \
    --hash=sha256:667f40fe9c81ad129b198d236881b00dd9e8314d9cc72d03c3e16bdfe5879051 \
    --hash=sha256:6737b35d5af7479c5bf9710f7b17edd9d2c43128d974d25fb4ea653e42c64609 \
    --hash=sha256:67f3f9d2b444268ab53e47d31bab89954888d23c04c6789f2c727e51fe4b1d13 \
    --hash=sha256:7092a216728f80c960bd6b3807275d1ee318b168986bd5dc523349581d4890b8 \
    --hash=sha256:738c96944d076deeaff70e92b65696ab4f7ecb8081d7791c5403a3257dfaf8ff \
    --hash=sha256:77eac0526899b3c3ad1454bb2b03cdb491d67358ec8ef0c9c48bd61b632b431d \
    --hash=sha256:7d5ca9c7832e6879a707296d1463685f7c243a27846227044504741640caec66 \
    --hash=sha256:7e580cb04ad849ae9b786fa21383c6b994b6e6c1444ad1cb9f22392759d72741 \
    --hash=sha256:8166efddea49fdbc61185559f47593239e4794fd7c9044dd5a789d1a90af852d \
    --hash=sha256:823b1b9d9230809d8edcc18872770764bfe8ef4357995e16744047c8ccf0e489 \
    --hash=sha256:88b7d31ff1cc5e9bc0e4406e6b1fa00b6d37163d50bb58091e9b976ff1129faa \
    --hash=sha256:8c90cdf8516d9057e502aa6003cea71cf5ec27cc44699ca52412b502a04761bb \
    --hash=sha256:8ce1d850b3c0178440efde9e884d98421b5e87ff925f364d6d79e23910d7593f \
    --hash=sha256:8f4a8f5cc84c7ad6bffa0e9947b33eb343ad66e6b53e94fe54378a5508c5ed53 \
    --hash=sha256:93d8da883a35116d6813432177f35e570db5b0a5e30ecb0cbd7cb39c815735df \
    --hash=sha256:95d937e74c1a7a1287dfb03b62a827be08ede10a155cf1af73bbf47f2b73ee6e \
    --hash=sha256:9669753caef7fdc6529f6adcc5883ed98d65976445d9322e7dbdb6b697feee13 \
    --hash=sha256:97131ab2be39043054ee28d99e09efe316e6d53449b7e962dfcf3c2de8b2b246 \
    --hash=sha256:97c6d85283629646fa87acc22c66b30ea9d4de7f6fdf887daa2e30fa041829b5 \
    --hash=sha256:9981d38a703b86f0e315a3cd229fd1906fe1d91c989ed121fb975b3c849f89f5 \
    --hash=sha256:9ad37a0be705b544af6296da8edddc260d10a8ae5462530fc9991f66498bb1f9 \
    --hash=sha256:a2ae6f53f99c9a0eca7a0afc5b4e45fc73bc1dd4ac74c00509031d76df80ed98 \
    --hash=sha256:aac0ad28c686a5e72b81668b906c030ee28050b244544b8af68e12fb32543895 \
    --hash=sha256:af3b859726cd3374287e405e14b9634563c078c5531a4f62375508addebddad1 \
    --hash=sha256:af6a90a4ed2a48fa1a2d17e9d824e6c7c950bea5bad0b707c77fd55751e6bfef \
    --hash=sha256:b002c7994cc9f2bc9d9856f0fbaee6e8072c983873846c92f25cefba5b2a925f \
    --hash=sha256:b486b5218808f6f4dc471b114b1054e63553db69705c97da0271f47bd706aedd \
    --hash=sha256:b9c6bd754d11f6e78ac54e3d86b4b11dc1ba2f13e5fc958899574532897f5a99 \
    --hash=sha256:ba10ac57884ce82112f7ed910b67e7fb6072d8ef2c06e30dc63c0f604a112e0e \
    --hash=sha256:bf5018938208d4597b2e679a4f8cff9fd252f1df53583130ae56281a21801b64 \
    --hash=sha256:c0919d1f89ddf91129906705723118ea09754171e4116f5a5dbc667c7bc9b261 \
    --hash=sha256:c5801a89604c65ab4cc9e91b23bc4076d0ca80efd8c976fb63843d7879a85d7f \
    --hash=sha256:c84af70bcf34e99aee894e46a0f1ac77f17d0ef828179c387407642e2466d28a \
    --hash=sha256:cb2829fedd672dd7107267189dabe2bbe07972801d636014417c6861eb89e358 \
    --hash=sha256:d45e06f60729e07d9b20c205f7e5cff90b6ef2584e852eecf46e045aea69627d \
    --hash=sha256:d7ca16637c0ede8243f84074044bd0b2335a0341421f8227c85756de2d18c819 \
    --hash=sha256:d8375e3da319593389727c3187ccaf3e0e84199accc530866b8e0f2b79af05e9 \
    --hash=sha256:dfa552338f51aec280f17b02d28bace1e162d1a84ccd80e3339a57f98aedb56b \
    --hash=sha256:dfef96543ced67d9513a422755db422ae1dc34dade0a1485e0b43e7342ed3ebf \
    --hash=sha256:e012177c8e8a8a0754ae0d6027d63042aa5ff036d9f40f07cb3466a6082e21b8 \
    --hash=sha256:e251126d48615e1f02b4a178f2cd0cd4f0332b8a019c01a2e10480f7552554b4 \
    --hash=sha256:e52da10236aa6212de71b9e170bace65b64b129c0dea7fc243d6c9ce976f5074 \
    --hash=sha256:eacb434410b8d9ca99a8d42352ef085cf423e3c76c1f0b86be2fcba3bff2952c \
    --hash=sha256:ebd8fd343bf8492a1e60bcb6dc99f90f74f65d98d8241a6b3e1fed225b76ecd6 \
    --hash=sha256:f0b2af76b7e7060c09e1a0dfa9410eb19369cbe6164509bff2ef94094b54d2b6 \
    --hash=sha256:f2073495a7f9b75e57e600747ac09510d67683fd64d3228e009740b7ef88f9fe \
    --hash=sha256:f4c1bca487a17fe4226b4ffb2d30e799d2b274d692cffa76bd0746f56235fca3 \
    --hash=sha256:f9fff308486bbd2c8c24f25e8e152c7594d3fe8db265a2d6a1ce24d58671127f \
    --hash=sha256:fbf1b8bb2695415b347f3727da1addca2acb82c9b97ac86bebf8b1bead1eb12d \
    --hash=sha256:feedf219672eef83ea6be6f3bb093bba396a8560fc75be85ba225f082903df0a
referencing==0.37.0 \
    --hash=sha256:381329a9f99628c9069361716891d34ad94af76e461dcb0335825aecc7692231 \
    --hash=sha256:44aefc3142c5b842538163acb373e24cce6632bd54bdb01b21ad5863489f50d8
rpds-py==0.30.0 \
    --hash=sha256:07ae8a593e1c3c6b82ca3292efbe73c30b61332fd612e05abee07c79359f292f \
    --hash=sha256:0a59119fc6e3f460315fe9d08149f8102aa322299deaa5cab5b40092345c2136 \
    --hash=sha256:0c0e95f6819a19965ff420f65578bacb0b00f251fefe2c8b23347c37174271f3 \
    --hash=sha256:0d08f00679177226c4cb8c5265012eea897c8ca3b93f429e546600c971bcbae7 \
    --hash=sha256:0ed177ed9bded28f8deb6ab40c183cd1192aa0de40c12f38be4d59cd33cb5c65 \
    --hash=sha256:12f90dd7557b6bd57f40abe7747e81e0c0b119bef015ea7726e69fe550e394a4 \
    --hash=sha256:1726859cd0de969f88dc8673bdd954185b9104e05806be64bcd87badbe313169 \
    --hash=sha256:1ab5b83dbcf55acc8b08fc62b796ef672c457b17dbd7820a11d6c52c06839bdf \
    --hash=sha256:1b151685b23929ab7beec71080a8889d4d6d9fa9a983d213f07121205d48e2c4 \
    --hash=sha256:1f3587eb9b17f3789ad50824084fa6f81921bbf9a795826570bda82cb3ed91f2 \
    --hash=sha256:250fa00e9543ac9b97ac258bd37367ff5256666122c2d0f2bc97577c60a1818c \
    --hash=sha256:2771c6c15973347f50fece41fc447c054b7ac2ae0502388ce3b6738cd366e3d4 \
    --hash=sha256:27f4b0e92de5bfbc6f86e43959e6edd1425c33b5e69aab0984a72047f2bcf1e3 \
    --hash=sha256:2e6ecb5a5bcacf59c3f912155044479af1d0b6681280048b338b28e364aca1f6 \
    --hash=sha256:32c8528634e1bf7121f3de08fa85b138f4e0dc47657866630611b03967f041d7 \
    --hash=sha256:33f559f3104504506a44bb666b93a33f5d33133765b0c216a5bf2f1e1503af89 \
    --hash=sha256:3896fa1be39912cf0757753826bc8bdc8ca331a28a7c4ae46b7a21280b06bb85 \
    --hash=sha256:389a2d49eded1896c3d48b0136ead37c48e221b391c052fba3f4055c367f60a6 \
    --hash=sha256:39c02563fc592411c2c61d26b6c5fe1e51eaa44a75aa2c8735ca88b0d9599daa \
    --hash=sha256:3adbb8179ce342d235c31ab8ec511e66c73faa27a47e076ccc92421add53e2bb \
    --hash=sha256:3d4a69de7a3e50ffc214ae16d79d8fbb0922972da0356dcf4d0fdca2878559c6 \
    --hash=sha256:3e62880792319dbeb7eb866547f2e35973289e7d5696c6e295476448f5b63c87 \
    --hash=sha256:3e8eeb0544f2eb0d2581774be4c3410356eba189529a6b3e36bbbf9696175856 \
    --hash=sha256:422c3cb9856d80b09d30d2eb255d0754b23e090034e1deb4083f8004bd0761e4 \
    --hash=sha256:4559c972db3a360808309e06a74628b95eaccbf961c335c8fe0d590cf587456f \
    --hash=sha256:46e83c697b1f1c72b50e5ee5adb4353eef7406fb3f2043d64c33f20ad1c2fc53 \
    --hash=sha256:47b0ef6231c58f506ef0b74d44e330405caa8428e770fec25329ed2cb971a229 \
    --hash=sha256:47e77dc9822d3ad616c3d5759ea5631a75e5809d5a28707744ef79d7a1bcfcad \
    --hash=sha256:47f236970bccb2233267d89173d3ad2703cd36a0e2a6e92d0560d333871a3d23 \
    --hash=sha256:47f9a91efc418b54fb8190a6b4aa7813a23fb79c51f4bb84e418f5476c38b8db \
    --hash=sha256:495aeca4b93d465efde585977365187149e75383ad2684f81519f504f5c13038 \
    --hash=sha256:4c5f36a861bc4b7da6516dbdf302c55313afa09b81931e8280361a4f6c9a2d27 \
    --hash=sha256:4cc2206b76b4f576934f0ed374b10d7ca5f457858b157ca52064bdfc26b9fc00 \
    --hash=sha256:4e7fc54e0900ab35d041b0601431b0a0eb495f0851a0639b6ef90f7741b39a18 \
    --hash=sha256:51a1234d8febafdfd33a42d97da7a43f5dcb120c1060e352a3fbc0c6d36e2083 \
    --hash=sha256:55f66022632205940f1827effeff17c4fa7ae1953d2b74a8581baaefb7d16f8c \
    --hash=sha256:58edca431fb9b29950807e301826586e5bbf24163677732429770a697ffe6738 \
    --hash=sha256:5965af57d5848192c13534f90f9dd16464f3c37aaf166cc1da1cae1fd5a34898 \
    --hash=sha256:5ba103fb455be00f3b1c2076c9d4264bfcb037c976167a6047ed82f23153f02e \
    --hash=sha256:5d4c2aa7c50ad4728a094ebd5eb46c452e9cb7edbfdb18f9e1221f597a73e1e7 \
    --hash=sha256:61046904275472a76c8c90c9ccee9013d70a6d0f73eecefd38c1ae7c39045a08 \
    --hash=sha256:613aa4771c99f03346e54c3f038e4cc574ac09a3ddfb0e8878487335e96dead6 \
    --hash=sha256:626a7433c34566535b6e56a1b39a7b17ba961e97ce3b80ec62e6f1312c025551 \
    --hash=sha256:669b1805bd639dd2989b281be2cfd951c6121b65e729d9b843e9639ef1fd555e \
    --hash=sha256:679ae98e00c0e8d68a7fda324e16b90fd5260945b45d3b824c892cec9eea3288 \
    --hash=sha256:67b02ec25ba7a9e8fa74c63b6ca44cf5707f2fbfadae3ee8e7494297d56aa9df \
    --hash=sha256:68f19c879420aa08f61203801423f6cd5ac5f0ac4ac82a2368a9fcd6a9a075e0 \
    --hash=sha256:692bef75a5525db97318e8cd061542b5a79812d711ea03dbc1f6f8dbb0c5f0d2 \
    --hash=sha256:6abc8880d9d036ecaafe709079969f56e876fcf107f7a8e9920ba6d5a3878d05 \
    --hash=sha256:6bdfdb946967d816e6adf9a3d8201bfad269c67efe6cefd7093ef959683c8de0 \
    --hash=sha256:6de2a32a1665b93233cde140ff8b3467bdb9e2af2b91079f0333a0974d12d464 \
    --hash=sha256:73c67f2db7bc334e518d097c6d1e6fed021bbc9b7d678d6cc433478365d1d5f5 \
    --hash=sha256:74a3243a411126362712ee1524dfc90c650a503502f135d54d1b352bd01f2404 \
    --hash=sha256:76fec018282b4ead0364022e3c54b60bf368b9d926877957a8624b58419169b7 \
    --hash=sha256:7c64d38fb49b6cdeda16ab49e35fe0da2e1e9b34bc38bd78386530f218b37139 \
    --hash=sha256:7cee9c752c0364588353e627da8a7e808a66873672bcb5f52890c33fd965b394 \
    --hash=sha256:7e6ecfcb62edfd632e56983964e6884851786443739dbfe3582947e87274f7cb \
    --hash=sha256:806f36b1b605e2d6a72716f321f20036b9489d29c51c91f4dd29a3e3afb73b15 \
    --hash=sha256:858738e9c32147f78b3ac24dc0edb6610000e56dc0f700fd5f651d0a0f0eb9ff \
    --hash=sha256:8d6d1cc13664ec13c1b84241204ff3b12f9bb82464b8ad6e7a5d3486975c2eed \
    --hash=sha256:9027da1ce107104c50c81383cae773ef5c24d296dd11c99e2629dbd7967a20c6 \
    --hash=sha256:922e10f31f303c7c920da8981051ff6d8c1a56207dbdf330d9047f6d30b70e5e \
    --hash=sha256:945dccface01af02675628334f7cf49c2af4c1c904748efc5cf7bbdf0b579f95 \
    --hash=sha256:946fe926af6e44f3697abbc305ea168c2c31d3e3ef1058cf68f379bf0335a78d \
    --hash=sha256:95f0802447ac2d10bcc69f6dc28fe95fdf17940367b21d34e34c737870758950 \
    --hash=sha256:9854cf4f488b3d57b9aaeb105f06d78e5529d3145b1e4a41750167e8c213c6d3 \
    --hash=sha256:993914b8e560023bc0a8bf742c5f303551992dcb85e247b1e5c7f4a7d145bda5 \
    --hash=sha256:99b47d6ad9a6da00bec6aabe5a6279ecd3c06a329d4aa4771034a21e335c3a97 \
    --hash=sha256:9a4e86e34e9ab6b667c27f3211ca48f73dba7cd3d90f8d5b11be56e5dbc3fb4e \
    --hash=sha256:9cf69cdda1f5968a30a359aba2f7f9aa648a9ce4b580d6826437f2b291cfc86e \
    --hash=sha256:a090322ca841abd453d43456ac34db46e8b05fd9b3b4ac0c78bcde8b089f959b \
    --hash=sha256:a1010ed9524c73b94d15919ca4d41d8780980e1765babf85f9a2f90d247153dd \
    --hash=sha256:a161f20d9a43006833cd7068375a94d035714d73a172b681d8881820600abfad \
    --hash=sha256:a1d0bc22a7cdc173fedebb73ef81e07faef93692b8c1ad3733b67e31e1b6e1b8 \
    --hash=sha256:a2bffea6a4ca9f01b3f8e548302470306689684e61602aa3d141e34da06cf425 \
    --hash=sha256:a452763cc5198f2f98898eb98f7569649fe5da666c2dc6b5ddb10fde5a574221 \
    --hash=sha256:a4796a717bf12b9da9d3ad002519a86063dcac8988b030e405704ef7d74d2d9d \
    --hash=sha256:a51033ff701fca756439d641c0ad09a41d9242fa69121c7d8769604a0a629825 \
    --hash=sha256:a8fa71a2e078c527c3e9dc9fc5a98c9db40bcc8a92b4e8858e36d329f8684b51 \
    --hash=sha256:ac37f9f516c51e5753f27dfdef11a88330f04de2d564be3991384b2f3535d02e \
    --hash=sha256:ac98b175585ecf4c0348fd7b29c3864bda53b805c773cbf7bfdaffc8070c976f \
    --hash=sha256:acd7eb3f4471577b9b5a41baf02a978e8bdeb08b4b355273994f8b87032000a8 \
    --hash=sha256:ad1fa8db769b76ea911cb4e10f049d80bf518c104f15b3edb2371cc65375c46f \
    --hash=sha256:b40fb160a2db369a194cb27943582b38f79fc4887291417685f3ad693c5a1d5d \
    --hash=sha256:b4dc1a6ff022ff85ecafef7979a2c6eb423430e05f1165d6688234e62ba99a07 \
    --hash=sha256:ba3af48635eb83d03f6c9735dfb21785303e73d22ad03d489e88adae6eab8877 \
    --hash=sha256:ba81a9203d07805435eb06f536d95a266c21e5b2dfbf6517748ca40c98d19e31 \
    --hash=sha256:c2262bdba0ad4fc6fb5545660673925c2d2a5d9e2e0fb603aad545427be0fc58 \
    --hash=sha256:c77afbd5f5250bf27bf516c7c4a016813eb2d3e116139aed0096940c5982da94 \
    --hash=sha256:ca28829ae5f5d569bb62a79512c842a03a12576375d5ece7d2cadf8abe96ec28 \
    --hash=sha256:cdc62c8286ba9bf7f47befdcea13ea0e26bf294bda99758fd90535cbaf408000 \
    --hash=sha256:d948b135c4693daff7bc2dcfc4ec57237a29bd37e60c2fabf5aff2bbacf3e2f1 \
    --hash=sha256:d96c2086587c7c30d44f31f42eae4eac89b60dabbac18c7669be3700f13c3ce1 \
    --hash=sha256:d9a0ca5da0386dee0655b4ccdf46119df60e0f10da268d04fe7cc87886872ba7 \
    --hash=sha256:da279aa314f00acbb803da1e76fa18666778e8a8f83484fba94526da5de2cba7 \
    --hash=sha256:dbd936cde57abfee19ab3213cf9c26be06d60750e60a8e4dd85d1ab12c8b1f40 \
    --hash=sha256:dc4f992dfe1e2bc3ebc7444f6c7051b4bc13cd8e33e43511e8ffd13bf407010d \
    --hash=sha256:dc824125c72246d924f7f796b4f63c1e9dc810c7d9e2355864b3c3a73d59ade0 \
    --hash=sha256:dd8ff7cf90014af0c0f787eea34794ebf6415242ee1d6fa91eaba725cc441e84 \
    --hash=sha256:dea5b552272a944763b34394d04577cf0f9bd013207bc32323b5a89a53cf9c2f \
    --hash=sha256:dff13836529b921e22f15cb099751209a60009731a68519630a24d61f0b1b30a \
    --hash=sha256:e0b65193a413ccc930671c55153a03ee57cecb49e6227204b04fae512eb657a7 \
    --hash=sha256:e5d3e6b26f2c785d65cc25ef1e5267ccbe1b069c5c21b8cc724efee290554419 \
    --hash=sha256:e7536cd91353c5273434b4e003cbda89034d67e7710eab8761fd918ec6c69cf8 \
    --hash=sha256:eb0b93f2e5c2189ee831ee43f156ed34e2a89a78a66b98cadad955972548be5a \
    --hash=sha256:eb2c4071ab598733724c08221091e8d80e89064cd472819285a9ab0f24bcedb9 \
    --hash=sha256:ec7c4490c672c1a0389d319b3a9cfcd098dcdc4783991553c332a15acf7249be \
    --hash=sha256:ee454b2a007d57363c2dfd5b6ca4a5d7e2c518938f8ed3b706e37e5d470801ed \
    --hash=sha256:ee6af14263f25eedc3bb918a3c04245106a42dfd4f5c2285ea6f997b1fc3f89a \
    --hash=sha256:f14fc5df50a716f7ece6a80b6c78bb35ea2ca47c499e422aa4463455dd96d56d \
    --hash=sha256:f207f69853edd6f6700b86efb84999651baf3789e78a466431df1331608e5324 \
    --hash=sha256:f251c812357a3fed308d684a5079ddfb9d933860fc6de89f2b7ab00da481e65f \
    --hash=sha256:f83424d738204d9770830d35290ff3273fbb02b41f919870479fab14b9d303b2 \
    --hash=sha256:f8d1736cfb49381ba528cd5baa46f82fdc65c06e843dab24dd70b63d09121b3f \
    --hash=sha256:fe5fa731a1fa8a0a56b0977413f8cacac1768dad38d16b3a296712709476fbd5
tomli==2.4.1 \
    --hash=sha256:01f520d4f53ef97964a240a035ec2a869fe1a37dde002b57ebc4417a27ccd853 \
    --hash=sha256:0d85819802132122da43cb86656f8d1f8c6587d54ae7dcaf30e90533028b49fe \
    --hash=sha256:136443dbd7e1dee43c68ac2694fde36b2849865fa258d39bf822c10e8068eac5 \
    --hash=sha256:1d8591993e228b0c930c4bb0db464bdad97b3289fb981255d6c9a41aedc84b2d \
    --hash=sha256:2190f2e9dd7508d2a90ded5ed369255980a1bcdd58e52f7fe24b8162bf9fedbd \
    --hash=sha256:2c1c351919aca02858f740c6d33adea0c5deea37f9ecca1cc1ef9e884a619d26 \
    --hash=sha256:36d2bd2ad5fb9eaddba5226aa02c8ec3fa4f192631e347b3ed28186d43be6b54 \
    --hash=sha256:3d48a93ee1c9b79c04bb38772ee1b64dcf18ff43085896ea460ca8dec96f35f6 \
    --hash=sha256:47149d5bd38761ac8be13a84864bf0b7b70bc051806bc3669ab1cbc56216b23c \
    --hash=sha256:4ab97e64ccda8756376892c53a72bd1f964e519c77236368527f758fbc36a53a \
    --hash=sha256:4b605484e43cdc43f0954ddae319fb75f04cc10dd80d830540060ee7cd0243cd \
    --hash=sha256:504aa796fe0569bb43171066009ead363de03675276d2d121ac1a4572397870f \
    --hash=sha256:51529d40e3ca50046d7606fa99ce3956a617f9b36380da3b7f0dd3dd28e68cb5 \
    --hash=sha256:52c8ef851d9a240f11a88c003eacb03c31fc1c9c4ec64a99a0f922b93874fda9 \
    --hash=sha256:559db847dc486944896521f68d8190be1c9e719fced785720d2216fe7022b662 \
    --hash=sha256:5a881ab208c0baf688221f8cecc5401bd291d67e38a1ac884d6736cbcd8247e9 \
    --hash=sha256:5cb41aa38891e073ee49d55fbc7839cfdb2bc0e600add13874d048c94aadddd1 \
    --hash=sha256:5e262d41726bc187e69af7825504c933b6794dc3fbd5945e41a79bb14c31f585 \
    --hash=sha256:5ee18d9ebdb417e384b58fe414e8d6af9f4e7a0ae761519fb50f721de398dd4e \
    --hash=sha256:7008df2e7655c495dd12d2a4ad038ff878d4ca4b81fccaf82b714e07eae4402c \
    --hash=sha256:734e20b57ba95624ecf1841e72b53f6e186355e216e5412de414e3c51e5e3c41 \
    --hash=sha256:7c7e1a961a0b2f2472c1ac5b69affa0ae1132c39adcb67aba98568702b9cc23f \
    --hash=sha256:7f86fd587c4ed9dd76f318225e7d9b29cfc5a9d43de44e5754db8d1128487085 \
    --hash=sha256:7f94b27a62cfad8496c8d2513e1a222dd446f095fca8987fceef261225538a15 \
    --hash=sha256:88dceee75c2c63af144e456745e10101eb67361050196b0b6af5d717254dddf7 \
    --hash=sha256:8a650c2dbafa08d42e51ba0b62740dae4ecb9338eefa093aa5c78ceb546fcd5c \
    --hash=sha256:8d65a2fbf9d2f8352685bc1364177ee3923d6baf5e7f43ea4959d7d8bc326a36 \
    --hash=sha256:96481a5786729fd470164b47cdb3e0e58062a496f455ee41b4403be77cb5a076 \
    --hash=sha256:a120733b01c45e9a0c34aeef92bf0cf1d56cfe81ed9d47d562f9ed591a9828ac \
    --hash=sha256:b1d22e6e9387bf4739fbe23bfa80e93f6b0373a7f1b96c6227c32bef95a4d7a8 \
    --hash=sha256:b8c198f8c1805dc42708689ed6864951fd2494f924149d3e4bce7710f8eb5232 \
    --hash=sha256:c2541745709bad0264b7d4705ad453b76ccd191e64aa6f0fc66b69a293a45ece \
    --hash=sha256:c742f741d58a28940ce01d58f0ab2ea3ced8b12402f162f4d534dfe18ba1cd6a \
    --hash=sha256:c7f2c7f2b9ca6bdeef8f0fa897f8e05085923eb091721675170254cbc5b02897 \
    --hash=sha256:d312ef37c91508b0ab2cee7da26ec0b3ed2f03ce12bd87a588d771ae15dcf82d \
    --hash=sha256:d4d8fe59808a54658fcc0160ecfb1b30f9089906c50b23bcb4c69eddc19ec2b4 \
    --hash=sha256:da25dc3563bff5965356133435b757a795a17b17d01dbc0f42fb32447ddfd917 \
    --hash=sha256:eab21f45c7f66c13f2a9e0e1535309cee140182a9cdae1e041d02e47291e8396 \
    --hash=sha256:eb0dc4e38e6a1fd579e5d50369aa2e10acfc9cace504579b2faabb478e76941a \
    --hash=sha256:ec9bfaf3ad2df51ace80688143a6a4ebc09a248f6ff781a9945e51937008fcbc \
    --hash=sha256:ede3e6487c5ef5d28634ba3f31f989030ad6af71edfb0055cbbd14189ff240ba \
    --hash=sha256:f3c6818a1a86dd6dca7ddcaaf76947d5ba31aecc28cb1b67009a5877c9a64f3f \
    --hash=sha256:f758f1b9299d059cc3f6546ae2af89670cb1c4d48ea29c3cacc4fe7de3058257 \
    --hash=sha256:f8f0fc26ec2cc2b965b7a3b87cd19c5c6b8c5e5f436b984e85f486d652285c30 \
    --hash=sha256:fd0409a3653af6c147209d267a0e4243f0ae46b011aa978b1080359fddc9b6cf \
    --hash=sha256:ff18e6a727ee0ab0388507b89d1bc6a22b138d1e2fa56d1ad494586d61d2eae9 \
    --hash=sha256:ff2983983d34813c1aeb0fa89091e76c3a22889ee83ab27c5eeb45100560c049
typing-extensions==4.16.0 \
    --hash=sha256:481caa481374e813c1b176ada14e97f1f67a4539ce9cfeb3f350d78d6370c2e8 \
    --hash=sha256:dc983d19a509c94dba722ee6abd33940f7c05a89e243c47e907eb4db6f1a43e5
websockets==15.0.1 \
    --hash=sha256:0701bc3cfcb9164d04a14b149fd74be7347a530ad3bbf15ab2c678a2cd3dd9a2 \
    --hash=sha256:0a34631031a8f05657e8e90903e656959234f3a04552259458aac0b0f9ae6fd9 \
    --hash=sha256:0af68c55afbd5f07986df82831c7bff04846928ea8d1fd7f30052638788bc9b5 \
    --hash=sha256:0c9e74d766f2818bb95f84c25be4dea09841ac0f734d1966f415e4edfc4ef1c3 \
    --hash=sha256:0f3c1e2ab208db911594ae5b4f79addeb3501604a165019dd221c0bdcabe4db8 \
    --hash=sha256:0fdfe3e2a29e4db3659dbd5bbf04560cea53dd9610273917799f1cde46aa725e \
    --hash=sha256:1009ee0c7739c08a0cd59de430d6de452a55e42d6b522de7aa15e6f67db0b8e1 \
    --hash=sha256:1234d4ef35db82f5446dca8e35a7da7964d02c127b095e172e54397fb6a6c256 \
    --hash=sha256:16b6c1b3e57799b9d38427dda63edcbe4926352c47cf88588c0be4ace18dac85 \
    --hash=sha256:2034693ad3097d5355bfdacfffcbd3ef5694f9718ab7f29c29689a9eae841880 \
    --hash=sha256:21c1fa28a6a7e3cbdc171c694398b6df4744613ce9b36b1a498e816787e28123 \
    --hash=sha256:229cf1d3ca6c1804400b0a9790dc66528e08a6a1feec0d5040e8b9eb14422375 \
    --hash=sha256:27ccee0071a0e75d22cb35849b1db43f2ecd3e161041ac1ee9d2352ddf72f065 \
    --hash=sha256:363c6f671b761efcb30608d24925a382497c12c506b51661883c3e22337265ed \
    --hash=sha256:39c1fec2c11dc8d89bba6b2bf1556af381611a173ac2b511cf7231622058af41 \
    --hash=sha256:3b1ac0d3e594bf121308112697cf4b32be538fb1444468fb0a6ae4feebc83411 \
    --hash=sha256:3be571a8b5afed347da347bfcf27ba12b069d9d7f42cb8c7028b5e98bbb12597 \
    --hash=sha256:3c714d2fc58b5ca3e285461a4cc0c9a66bd0e24c5da9911e30158286c9b5be7f \
    --hash=sha256:3d00075aa65772e7ce9e990cab3ff1de702aa09be3940d1dc88d5abf1ab8a09c \
    --hash=sha256:3e90baa811a5d73f3ca0bcbf32064d663ed81318ab225ee4f427ad4e26e5aff3 \
    --hash=sha256:47819cea040f31d670cc8d324bb6435c6f133b8c7a19ec3d61634e62f8d8f9eb \
    --hash=sha256:47b099e1f4fbc95b701b6e85768e1fcdaf1630f3cbe4765fa216596f12310e2e \
    --hash=sha256:4a9fac8e469d04ce6c25bb2610dc535235bd4aa14996b4e6dbebf5e007eba5ee \
    --hash=sha256:4b826973a4a2ae47ba357e4e82fa44a463b8f168e1ca775ac64521442b19e87f \
    --hash=sha256:4c2529b320eb9e35af0fa3016c187dffb84a3ecc572bcee7c3ce302bfeba52bf \
    --hash=sha256:54479983bd5fb469c38f2f5c7e3a24f9a4e70594cd68cd1fa6b9340dadaff7cf \
    --hash=sha256:558d023b3df0bffe50a04e710bc87742de35060580a293c2a984299ed83bc4e4 \
    --hash=sha256:5756779642579d902eed757b21b0164cd6fe338506a8083eb58af5c372e39d9a \
    --hash=sha256:592f1a9fe869c778694f0aa806ba0374e97648ab57936f092fd9d87f8bc03665 \
    --hash=sha256:595b6c3969023ecf9041b2936ac3827e4623bfa3ccf007575f04c5a6aa318c22 \
    --hash=sha256:5a939de6b7b4e18ca683218320fc67ea886038265fd1ed30173f5ce3f8e85675 \
    --hash=sha256:5d54b09eba2bada6011aea5375542a157637b91029687eb4fdb2dab11059c1b4 \
    --hash=sha256:5df592cd503496351d6dc14f7cdad49f268d8e618f80dce0cd5a36b93c3fc08d \
    --hash=sha256:5f4c04ead5aed67c8a1a20491d54cdfba5884507a48dd798ecaf13c74c4489f5 \
    --hash=sha256:64dee438fed052b52e4f98f76c5790513235efaa1ef7f3f2192c392cd7c91b65 \
    --hash=sha256:66dd88c918e3287efc22409d426c8f729688d89a0c587c88971a0faa2c2f3792 \
    --hash=sha256:678999709e68425ae2593acf2e3ebcbcf2e69885a5ee78f9eb80e6e371f1bf57 \
    --hash=sha256:67f2b6de947f8c757db2db9c71527933ad0019737ec374a8a6be9a956786aaf9 \
    --hash=sha256:693f0192126df6c2327cce3baa7c06f2a117575e32ab2308f7f8216c29d9e2e3 \
    --hash=sha256:746ee8dba912cd6fc889a8147168991d50ed70447bf18bcda7039f7d2e3d9151 \
    --hash=sha256:756c56e867a90fb00177d530dca4b097dd753cde348448a1012ed6c5131f8b7d \
    --hash=sha256:76d1f20b1c7a2fa82367e04982e708723ba0e7b8d43aa643d3dcd404d74f1475 \
    --hash=sha256:7f493881579c90fc262d9cdbaa05a6b54b3811c2f300766748db79f098db9940 \
    --hash=sha256:823c248b690b2fd9303ba00c4f66cd5e2d8c3ba4aa968b2779be9532a4dad431 \
    --hash=sha256:82544de02076bafba038ce055ee6412d68da13ab47f0c60cab827346de828dee \
    --hash=sha256:8dd8327c795b3e3f219760fa603dcae1dcc148172290a8ab15158cf85a953413 \
    --hash=sha256:8fdc51055e6ff4adeb88d58a11042ec9a5eae317a0a53d12c062c8a8865909e8 \
    --hash=sha256:a625e06551975f4b7ea7102bc43895b90742746797e2e14b70ed61c43a90f09b \
    --hash=sha256:abdc0c6c8c648b4805c5eacd131910d2a7f6455dfd3becab248ef108e89ab16a \
    --hash=sha256:ac017dd64572e5c3bd01939121e4d16cf30e5d7e110a119399cf3133b63ad054 \
    --hash=sha256:ac1e5c9054fe23226fb11e05a6e630837f074174c4c2f0fe442996112a6de4fb \
    --hash=sha256:ac60e3b188ec7574cb761b08d50fcedf9d77f1530352db4eef1707fe9dee7205 \
    --hash=sha256:b359ed09954d7c18bbc1680f380c7301f92c60bf924171629c5db97febb12f04 \
    --hash=sha256:b7643a03db5c95c799b89b31c036d5f27eeb4d259c798e878d6937d71832b1e4 \
    --hash=sha256:ba9e56e8ceeeedb2e080147ba85ffcd5cd0711b89576b83784d8605a7df455fa \
    --hash=sha256:c338ffa0520bdb12fbc527265235639fb76e7bc7faafbb93f6ba80d9c06578a9 \
    --hash=sha256:cad21560da69f4ce7658ca2cb83138fb4cf695a2ba3e475e0559e05991aa8122 \
    --hash=sha256:d08eb4c2b7d6c41da6ca0600c077e93f5adcfd979cd777d747e9ee624556da4b \
    --hash=sha256:d50fd1ee42388dcfb2b3676132c78116490976f1300da28eb629272d5d93e905 \
    --hash=sha256:d591f8de75824cbb7acad4e05d2d710484f15f29d4a915092675ad3456f11770 \
    --hash=sha256:d5f6b181bb38171a8ad1d6aa58a67a6aa9d4b38d0f8c5f496b9e42561dfc62fe \
    --hash=sha256:d63efaa0cd96cf0c5fe4d581521d9fa87744540d4bc999ae6e08595a1014b45b \
    --hash=sha256:d99e5546bf73dbad5bf3547174cd6cb8ba7273062a23808ffea025ecb1cf8562 \
    --hash=sha256:e09473f095a819042ecb2ab9465aee615bd9c2028e4ef7d933600a8401c79561 \
    --hash=sha256:e8b56bdcdb4505c8078cb6c7157d9811a85790f2f2b3632c7d1462ab5783d215 \
    --hash=sha256:ee443ef070bb3b6ed74514f5efaa37a252af57c90eb33b956d35c8e9c10a1931 \
    --hash=sha256:f29d80eb9a9263b8d109135351caf568cc3f80b9928bccde535c235de55c22d9 \
    --hash=sha256:f7a866fbc1e97b5c617ee4116daaa09b722101d4a3c170c787450ba409f9736f \
    --hash=sha256:fcd5cf9e305d7b8338754470cf69cf81f420459dbae8a3b40cee57417f4614a7
